
Microsoft Visual Studio Solution File, Format Version 12.00
# Visual Studio Version 17
VisualStudioVersion = 17.8.34525.116
MinimumVisualStudioVersion = 10.0.40219.1
Project("{FAE04EC0-301F-11D3-BF4B-00C04F79EFBC}") = "LanguageAcademyApi", "LanguageAcademyApi.csproj", "{EE1E7FC7-22E9-4A04-8053-24B2DF041B30}"
EndProject
Global
	GlobalSection(SolutionConfigurationPlatforms) = preSolution
		Debug|Any CPU = Debug|Any CPU
		Release|Any CPU = Release|Any CPU
	EndGlobalSection
	GlobalSection(ProjectConfigurationPlatforms) = postSolution
		{EE1E7FC7-22E9-4A04-8053-24B2DF041B30}.Debug|Any CPU.ActiveCfg = Debug|Any CPU
		{EE1E7FC7-22E9-4A04-8053-24B2DF041B30}.Debug|Any CPU.Build.0 = Debug|Any CPU
		{EE1E7FC7-22E9-4A04-8053-24B2DF041B30}.Release|Any CPU.ActiveCfg = Release|Any CPU
		{EE1E7FC7-22E9-4A04-8053-24B2DF041B30}.Release|Any CPU.Build.0 = Release|Any CPU
	EndGlobalSection
	GlobalSection(SolutionProperties) = preSolution
		HideSolutionNode = FALSE
	EndGlobalSection
	GlobalSection(ExtensibilityGlobals) = postSolution
		SolutionGuid = {8AAFF8D6-8E63-47B7-9F6B-5478286421A7}
	EndGlobalSection
EndGlobal
